{
  "nodes": {
    "ags": {
      "inputs": {
        "astal": "astal",
        "nixpkgs": "nixpkgs"
      },
      "locked": {
        "lastModified": 1759227262,
        "narHash": "sha256-ibKJckw+KWH6n+pscOA7DWImanr988zKB7R2Z6ZEMLM=",
        "owner": "Aylur",
        "repo": "ags",
        "rev": "f68a0d03fbb94f4beacedd922ffaa0bf0f10397a",
        "type": "github"
      },
      "original": {
        "owner": "Aylur",
        "repo": "ags",
        "type": "github"
      }
    },
    "astal": {
      "inputs": {
        "nixpkgs": [
          "ags",
          "nixpkgs"
        ]
      },
      "locked": {
        "lastModified": 1756474652,
        "narHash": "sha256-iiBU6itpEqE0spXeNJ3uJTfioSyKYjt5bNepykpDXTE=",
        "owner": "aylur",
        "repo": "astal",
        "rev": "20bd8318e4136fbd3d4eb2d64dbabc3acbc915dd",
        "type": "github"
      },
      "original": {
        "owner": "aylur",
        "repo": "astal",
        "type": "github"
      }
    },
    "astal_2": {
      "inputs": {
        "nixpkgs": "nixpkgs_2"
      },
      "locked": {
        "lastModified": 1759579626,
        "narHash": "sha256-WIJipDpSrHl3d90szHMwJabe/QEUiBgBu4vxGwOfjzg=",
        "owner": "Aylur",
        "repo": "astal",
        "rev": "a8e2862bc76daffb3e9bcb6bcebb9232dc46b96c",
        "type": "github"
      },
      "original": {
        "owner": "Aylur",
        "repo": "astal",
        "type": "github"
      }
    },
    "home-manager": {
      "inputs": {
        "nixpkgs": [
          "nixpkgs"
        ]
      },
      "locked": {
        "lastModified": 1759573136,
        "narHash": "sha256-ILSPD0Dm8p0w0fCVzOx98ZH8yFDrR75GmwmH3fS2VnE=",
        "owner": "nix-community",
        "repo": "home-manager",
        "rev": "5f06ceafc6c9b773a776b9195c3f47bbe1defa43",
        "type": "github"
      },
      "original": {
        "owner": "nix-community",
        "repo": "home-manager",
        "type": "github"
      }
    },
    "nixCats": {
      "locked": {
        "lastModified": 1758545673,
        "narHash": "sha256-MMcEImF7vHqImzrdRlSFCbzGq0ebi/5eSYwypNGr+AA=",
        "owner": "BirdeeHub",
        "repo": "nixCats-nvim",
        "rev": "91f9a4b4605cc3aed835e180eb58a5bd73236407",
        "type": "github"
      },
      "original": {
        "owner": "BirdeeHub",
        "repo": "nixCats-nvim",
        "type": "github"
      }
    },
    "nixpkgs": {
      "locked": {
        "lastModified": 1756542300,
        "narHash": "sha256-tlOn88coG5fzdyqz6R93SQL5Gpq+m/DsWpekNFhqPQk=",
        "owner": "nixos",
        "repo": "nixpkgs",
        "rev": "d7600c775f877cd87b4f5a831c28aa94137377aa",
        "type": "github"
      },
      "original": {
        "owner": "nixos",
        "ref": "nixos-unstable",
        "repo": "nixpkgs",
        "type": "github"
      }
    },
    "nixpkgs_2": {
      "locked": {
        "lastModified": 1759381078,
        "narHash": "sha256-gTrEEp5gEspIcCOx9PD8kMaF1iEmfBcTbO0Jag2QhQs=",
        "owner": "nixos",
        "repo": "nixpkgs",
        "rev": "7df7ff7d8e00218376575f0acdcc5d66741351ee",
        "type": "github"
      },
      "original": {
        "owner": "nixos",
        "ref": "nixos-unstable",
        "repo": "nixpkgs",
        "type": "github"
      }
    },
    "nixpkgs_3": {
      "locked": {
        "lastModified": 1759381078,
        "narHash": "sha256-gTrEEp5gEspIcCOx9PD8kMaF1iEmfBcTbO0Jag2QhQs=",
        "owner": "nixos",
        "repo": "nixpkgs",
        "rev": "7df7ff7d8e00218376575f0acdcc5d66741351ee",
        "type": "github"
      },
      "original": {
        "owner": "nixos",
        "ref": "nixos-unstable",
        "repo": "nixpkgs",
        "type": "github"
      }
    },
    "root": {
      "inputs": {
        "ags": "ags",
        "astal": "astal_2",
        "home-manager": "home-manager",
        "nixCats": "nixCats",
        "nixpkgs": "nixpkgs_3"
      }
    }
  },
  "root": "root",
  "version": 7
}
