{
  "name": "ags-taskbar",
  "lockfileVersion": 3,
  "requires": true,
  "packages": {
    "": {
      "dependencies": {
        "ags": "*",
        "gnim": "*",
        "typescript": "^5.9.2",
        "typescript-language-server": "^5.0.0"
      }
    },
    "../../../../nix/store/8fv1h490b565gf29smkcwbqix79bsdp0-ags-js-lib": {
      "name": "ags",
      "version": "3.0.0",
      "license": "LGPL-2.1",
      "os": [
        "linux"
      ],
      "devDependencies": {
        "@eslint/js": "latest",
        "eslint": "latest",
        "typescript": "latest",
        "typescript-eslint": "latest"
      },
      "engines": {
        "gjs": ">=1.79.0"
      },
      "funding": {
        "type": "kofi",
        "url": "https://ko-fi.com/aylur"
      },
      "peerDependencies": {
        "gnim": "^1.6.3"
      }
    },
    "../../../../nix/store/8fv1h490b565gf29smkcwbqix79bsdp0-ags-js-lib/node_modules/gnim": {
      "version": "1.6.5",
      "license": "MIT",
      "engines": {
        "gjs": ">=1.79.0"
      },
      "funding": {
        "type": "kofi",
        "url": "https://ko-fi.com/aylur"
      }
    },
    "node_modules/ags": {
      "resolved": "../../../../nix/store/8fv1h490b565gf29smkcwbqix79bsdp0-ags-js-lib",
      "link": true
    },
    "node_modules/gnim": {
      "resolved": "../../../../nix/store/8fv1h490b565gf29smkcwbqix79bsdp0-ags-js-lib/node_modules/gnim",
      "link": true
    },
    "node_modules/typescript": {
      "version": "5.9.2",
      "resolved": "https://registry.npmjs.org/typescript/-/typescript-5.9.2.tgz",
      "integrity": "sha512-CWBzXQrc/qOkhidw1OzBTQuYRbfyxDXJMVJ1XNwUHGROVmuaeiEm3OslpZ1RV96d7SKKjZKrSJu3+t/xlw3R9A==",
      "license": "Apache-2.0",
      "bin": {
        "tsc": "bin/tsc",
        "tsserver": "bin/tsserver"
      },
      "engines": {
        "node": ">=14.17"
      }
    },
    "node_modules/typescript-language-server": {
      "version": "5.0.0",
      "resolved": "https://registry.npmjs.org/typescript-language-server/-/typescript-language-server-5.0.0.tgz",
      "integrity": "sha512-Glr+4Ss9g6AupBPj3tnk3mrlSH1ROS2Zmr5h0Vmy3DA+MVq+5qq4tv4+SogB8VsEZ13Z9xU01zm54MMyI7Gdzw==",
      "license": "Apache-2.0",
      "bin": {
        "typescript-language-server": "lib/cli.mjs"
      },
      "engines": {
        "node": ">=20"
      }
    }
  }
}
